
Microsoft Visual Studio Solution File, Format Version 12.00
# Visual Studio Version 17
VisualStudioVersion = 17.0.31903.59
MinimumVisualStudioVersion = 10.0.40219.1
Project("{FAE04EC0-301F-11D3-BF4B-00C04F79EFBC}") = "RemoteControl.HubLibrary", "RemoteControl.HubLibrary.csproj", "{F60A6B69-A3BE-40DF-A9FB-45B3BDD8622A}"
EndProject
Global
	GlobalSection(SolutionConfigurationPlatforms) = preSolution
		Debug|Any CPU = Debug|Any CPU
		Release|Any CPU = Release|Any CPU
	EndGlobalSection
	GlobalSection(ProjectConfigurationPlatforms) = postSolution
		{F60A6B69-A3BE-40DF-A9FB-45B3BDD8622A}.Debug|Any CPU.ActiveCfg = Debug|Any CPU
		{F60A6B69-A3BE-40DF-A9FB-45B3BDD8622A}.Debug|Any CPU.Build.0 = Debug|Any CPU
		{F60A6B69-A3BE-40DF-A9FB-45B3BDD8622A}.Release|Any CPU.ActiveCfg = Release|Any CPU
		{F60A6B69-A3BE-40DF-A9FB-45B3BDD8622A}.Release|Any CPU.Build.0 = Release|Any CPU
	EndGlobalSection
	GlobalSection(SolutionProperties) = preSolution
		HideSolutionNode = FALSE
	EndGlobalSection
	GlobalSection(ExtensibilityGlobals) = postSolution
		SolutionGuid = {7F84463E-F0CC-47D5-9920-708F52DF3811}
	EndGlobalSection
EndGlobal
